
Microsoft Visual Studio Solution File, Format Version 12.00
# Visual Studio Version 17
VisualStudioVersion = 17.14.36310.24
MinimumVisualStudioVersion = 10.0.40219.1
Project("{2150E333-8FDC-42A3-9474-1A3956D46DE8}") = "src", "src", "{02EA681E-C7D8-13C7-8484-4AC65E1B71E8}"
EndProject
Project("{2150E333-8FDC-42A3-9474-1A3956D46DE8}") = "CartServices", "CartServices", "{8BFC966A-A6D1-4FCD-97DF-15287DF100D6}"
EndProject
Project("{2150E333-8FDC-42A3-9474-1A3956D46DE8}") = "CatalogService", "CatalogService", "{379C93F4-B40B-475C-8BF8-0FAD33E21602}"
EndProject
Project("{FAE04EC0-301F-11D3-BF4B-00C04F79EFBC}") = "API", "src\CatalogService\API\API.csproj", "{D70FE318-3865-4B41-9226-ACF91380DD97}"
EndProject
Project("{FAE04EC0-301F-11D3-BF4B-00C04F79EFBC}") = "BLL", "src\CatalogService\BLL\BLL.csproj", "{F9F0A177-36D7-45D6-A992-849BF5DBADF1}"
EndProject
Project("{FAE04EC0-301F-11D3-BF4B-00C04F79EFBC}") = "DAL", "src\CatalogService\DAL\DAL.csproj", "{48E8B815-153D-4476-B650-52AFC62FD90D}"
EndProject
Project("{2150E333-8FDC-42A3-9474-1A3956D46DE8}") = "Shared", "Shared", "{D793AC58-F8AC-49A8-A3D4-F646349C192D}"
EndProject
Project("{FAE04EC0-301F-11D3-BF4B-00C04F79EFBC}") = "Shared", "src\Shared\Shared\Shared.csproj", "{B49EAD76-4666-4ACB-87EC-3C395D855394}"
EndProject
Project("{2150E333-8FDC-42A3-9474-1A3956D46DE8}") = "tests", "tests", "{09AFCC9A-0075-4C6F-885B-97F0A4767C5C}"
EndProject
Project("{2150E333-8FDC-42A3-9474-1A3956D46DE8}") = "tests", "tests", "{3C8A803D-5D03-439F-A0D8-762FCAF6B0C9}"
EndProject
Project("{FAE04EC0-301F-11D3-BF4B-00C04F79EFBC}") = "API.IntegrationTest", "src\CatalogService\tests\API.IntegrationTest\API.IntegrationTest.csproj", "{4448B8FA-86DF-4C34-AAE1-C69E199BE180}"
EndProject
Project("{FAE04EC0-301F-11D3-BF4B-00C04F79EFBC}") = "DAL.UnitTest", "src\CatalogService\tests\DAL.UnitTest\DAL.UnitTest.csproj", "{09D96752-E03B-4B28-9BC8-6F5B5497FC5D}"
EndProject
Project("{FAE04EC0-301F-11D3-BF4B-00C04F79EFBC}") = "BLL.UnitTest", "src\CatalogService\tests\BLL.UnitTest\BLL.UnitTest.csproj", "{DD4D597A-FBAF-4C67-B100-BBE90AADC94E}"
EndProject
Project("{FAE04EC0-301F-11D3-BF4B-00C04F79EFBC}") = "API", "src\CartServices\API\API.csproj", "{A2EDFFC8-C888-BFC6-F5AC-A8F9DD1BCF93}"
EndProject
Project("{FAE04EC0-301F-11D3-BF4B-00C04F79EFBC}") = "BLL", "src\CartServices\BLL\BLL.csproj", "{A11D1D54-F7C3-46CB-A3C9-E1FD7742C6CD}"
EndProject
Project("{FAE04EC0-301F-11D3-BF4B-00C04F79EFBC}") = "DAL", "src\CartServices\DAL\DAL.csproj", "{5EFDD228-0BB5-0A36-7385-7F1F22B5633E}"
EndProject
Project("{FAE04EC0-301F-11D3-BF4B-00C04F79EFBC}") = "API.IntegrationTests", "src\CartServices\tests\API.IntegrationTests\API.IntegrationTests.csproj", "{6F42318E-47CF-CB48-C33A-1F833CB13B6D}"
EndProject
Project("{FAE04EC0-301F-11D3-BF4B-00C04F79EFBC}") = "BLL.UnitTests", "src\CartServices\tests\BLL.UnitTests\BLL.UnitTests.csproj", "{A7E1CA70-07B3-FB11-E26B-F05CAAA1F5C9}"
EndProject
Project("{FAE04EC0-301F-11D3-BF4B-00C04F79EFBC}") = "DAL.UnitTest", "src\CartServices\tests\DAL.UnitTest\DAL.UnitTest.csproj", "{A28E7EE1-05ED-DB29-A4F0-80FA82CB059F}"
EndProject
Global
	GlobalSection(SolutionConfigurationPlatforms) = preSolution
		Debug|Any CPU = Debug|Any CPU
		Release|Any CPU = Release|Any CPU
	EndGlobalSection
	GlobalSection(ProjectConfigurationPlatforms) = postSolution
		{D70FE318-3865-4B41-9226-ACF91380DD97}.Debug|Any CPU.ActiveCfg = Debug|Any CPU
		{D70FE318-3865-4B41-9226-ACF91380DD97}.Debug|Any CPU.Build.0 = Debug|Any CPU
		{D70FE318-3865-4B41-9226-ACF91380DD97}.Release|Any CPU.ActiveCfg = Release|Any CPU
		{D70FE318-3865-4B41-9226-ACF91380DD97}.Release|Any CPU.Build.0 = Release|Any CPU
		{F9F0A177-36D7-45D6-A992-849BF5DBADF1}.Debug|Any CPU.ActiveCfg = Debug|Any CPU
		{F9F0A177-36D7-45D6-A992-849BF5DBADF1}.Debug|Any CPU.Build.0 = Debug|Any CPU
		{F9F0A177-36D7-45D6-A992-849BF5DBADF1}.Release|Any CPU.ActiveCfg = Release|Any CPU
		{F9F0A177-36D7-45D6-A992-849BF5DBADF1}.Release|Any CPU.Build.0 = Release|Any CPU
		{48E8B815-153D-4476-B650-52AFC62FD90D}.Debug|Any CPU.ActiveCfg = Debug|Any CPU
		{48E8B815-153D-4476-B650-52AFC62FD90D}.Debug|Any CPU.Build.0 = Debug|Any CPU
		{48E8B815-153D-4476-B650-52AFC62FD90D}.Release|Any CPU.ActiveCfg = Release|Any CPU
		{48E8B815-153D-4476-B650-52AFC62FD90D}.Release|Any CPU.Build.0 = Release|Any CPU
		{B49EAD76-4666-4ACB-87EC-3C395D855394}.Debug|Any CPU.ActiveCfg = Debug|Any CPU
		{B49EAD76-4666-4ACB-87EC-3C395D855394}.Debug|Any CPU.Build.0 = Debug|Any CPU
		{B49EAD76-4666-4ACB-87EC-3C395D855394}.Release|Any CPU.ActiveCfg = Release|Any CPU
		{B49EAD76-4666-4ACB-87EC-3C395D855394}.Release|Any CPU.Build.0 = Release|Any CPU
		{4448B8FA-86DF-4C34-AAE1-C69E199BE180}.Debug|Any CPU.ActiveCfg = Debug|Any CPU
		{4448B8FA-86DF-4C34-AAE1-C69E199BE180}.Debug|Any CPU.Build.0 = Debug|Any CPU
		{4448B8FA-86DF-4C34-AAE1-C69E199BE180}.Release|Any CPU.ActiveCfg = Release|Any CPU
		{4448B8FA-86DF-4C34-AAE1-C69E199BE180}.Release|Any CPU.Build.0 = Release|Any CPU
		{09D96752-E03B-4B28-9BC8-6F5B5497FC5D}.Debug|Any CPU.ActiveCfg = Debug|Any CPU
		{09D96752-E03B-4B28-9BC8-6F5B5497FC5D}.Debug|Any CPU.Build.0 = Debug|Any CPU
		{09D96752-E03B-4B28-9BC8-6F5B5497FC5D}.Release|Any CPU.ActiveCfg = Release|Any CPU
		{09D96752-E03B-4B28-9BC8-6F5B5497FC5D}.Release|Any CPU.Build.0 = Release|Any CPU
		{DD4D597A-FBAF-4C67-B100-BBE90AADC94E}.Debug|Any CPU.ActiveCfg = Debug|Any CPU
		{DD4D597A-FBAF-4C67-B100-BBE90AADC94E}.Debug|Any CPU.Build.0 = Debug|Any CPU
		{DD4D597A-FBAF-4C67-B100-BBE90AADC94E}.Release|Any CPU.ActiveCfg = Release|Any CPU
		{DD4D597A-FBAF-4C67-B100-BBE90AADC94E}.Release|Any CPU.Build.0 = Release|Any CPU
		{A2EDFFC8-C888-BFC6-F5AC-A8F9DD1BCF93}.Debug|Any CPU.ActiveCfg = Debug|Any CPU
		{A2EDFFC8-C888-BFC6-F5AC-A8F9DD1BCF93}.Debug|Any CPU.Build.0 = Debug|Any CPU
		{A2EDFFC8-C888-BFC6-F5AC-A8F9DD1BCF93}.Release|Any CPU.ActiveCfg = Release|Any CPU
		{A2EDFFC8-C888-BFC6-F5AC-A8F9DD1BCF93}.Release|Any CPU.Build.0 = Release|Any CPU
		{A11D1D54-F7C3-46CB-A3C9-E1FD7742C6CD}.Debug|Any CPU.ActiveCfg = Debug|Any CPU
		{A11D1D54-F7C3-46CB-A3C9-E1FD7742C6CD}.Debug|Any CPU.Build.0 = Debug|Any CPU
		{A11D1D54-F7C3-46CB-A3C9-E1FD7742C6CD}.Release|Any CPU.ActiveCfg = Release|Any CPU
		{A11D1D54-F7C3-46CB-A3C9-E1FD7742C6CD}.Release|Any CPU.Build.0 = Release|Any CPU
		{5EFDD228-0BB5-0A36-7385-7F1F22B5633E}.Debug|Any CPU.ActiveCfg = Debug|Any CPU
		{5EFDD228-0BB5-0A36-7385-7F1F22B5633E}.Debug|Any CPU.Build.0 = Debug|Any CPU
		{5EFDD228-0BB5-0A36-7385-7F1F22B5633E}.Release|Any CPU.ActiveCfg = Release|Any CPU
		{5EFDD228-0BB5-0A36-7385-7F1F22B5633E}.Release|Any CPU.Build.0 = Release|Any CPU
		{6F42318E-47CF-CB48-C33A-1F833CB13B6D}.Debug|Any CPU.ActiveCfg = Debug|Any CPU
		{6F42318E-47CF-CB48-C33A-1F833CB13B6D}.Debug|Any CPU.Build.0 = Debug|Any CPU
		{6F42318E-47CF-CB48-C33A-1F833CB13B6D}.Release|Any CPU.ActiveCfg = Release|Any CPU
		{6F42318E-47CF-CB48-C33A-1F833CB13B6D}.Release|Any CPU.Build.0 = Release|Any CPU
		{A7E1CA70-07B3-FB11-E26B-F05CAAA1F5C9}.Debug|Any CPU.ActiveCfg = Debug|Any CPU
		{A7E1CA70-07B3-FB11-E26B-F05CAAA1F5C9}.Debug|Any CPU.Build.0 = Debug|Any CPU
		{A7E1CA70-07B3-FB11-E26B-F05CAAA1F5C9}.Release|Any CPU.ActiveCfg = Release|Any CPU
		{A7E1CA70-07B3-FB11-E26B-F05CAAA1F5C9}.Release|Any CPU.Build.0 = Release|Any CPU
		{A28E7EE1-05ED-DB29-A4F0-80FA82CB059F}.Debug|Any CPU.ActiveCfg = Debug|Any CPU
		{A28E7EE1-05ED-DB29-A4F0-80FA82CB059F}.Debug|Any CPU.Build.0 = Debug|Any CPU
		{A28E7EE1-05ED-DB29-A4F0-80FA82CB059F}.Release|Any CPU.ActiveCfg = Release|Any CPU
		{A28E7EE1-05ED-DB29-A4F0-80FA82CB059F}.Release|Any CPU.Build.0 = Release|Any CPU
	EndGlobalSection
	GlobalSection(SolutionProperties) = preSolution
		HideSolutionNode = FALSE
	EndGlobalSection
	GlobalSection(NestedProjects) = preSolution
		{8BFC966A-A6D1-4FCD-97DF-15287DF100D6} = {02EA681E-C7D8-13C7-8484-4AC65E1B71E8}
		{379C93F4-B40B-475C-8BF8-0FAD33E21602} = {02EA681E-C7D8-13C7-8484-4AC65E1B71E8}
		{D70FE318-3865-4B41-9226-ACF91380DD97} = {379C93F4-B40B-475C-8BF8-0FAD33E21602}
		{F9F0A177-36D7-45D6-A992-849BF5DBADF1} = {379C93F4-B40B-475C-8BF8-0FAD33E21602}
		{48E8B815-153D-4476-B650-52AFC62FD90D} = {379C93F4-B40B-475C-8BF8-0FAD33E21602}
		{D793AC58-F8AC-49A8-A3D4-F646349C192D} = {02EA681E-C7D8-13C7-8484-4AC65E1B71E8}
		{B49EAD76-4666-4ACB-87EC-3C395D855394} = {D793AC58-F8AC-49A8-A3D4-F646349C192D}
		{09AFCC9A-0075-4C6F-885B-97F0A4767C5C} = {8BFC966A-A6D1-4FCD-97DF-15287DF100D6}
		{3C8A803D-5D03-439F-A0D8-762FCAF6B0C9} = {379C93F4-B40B-475C-8BF8-0FAD33E21602}
		{4448B8FA-86DF-4C34-AAE1-C69E199BE180} = {3C8A803D-5D03-439F-A0D8-762FCAF6B0C9}
		{09D96752-E03B-4B28-9BC8-6F5B5497FC5D} = {3C8A803D-5D03-439F-A0D8-762FCAF6B0C9}
		{DD4D597A-FBAF-4C67-B100-BBE90AADC94E} = {3C8A803D-5D03-439F-A0D8-762FCAF6B0C9}
		{A2EDFFC8-C888-BFC6-F5AC-A8F9DD1BCF93} = {8BFC966A-A6D1-4FCD-97DF-15287DF100D6}
		{A11D1D54-F7C3-46CB-A3C9-E1FD7742C6CD} = {8BFC966A-A6D1-4FCD-97DF-15287DF100D6}
		{5EFDD228-0BB5-0A36-7385-7F1F22B5633E} = {8BFC966A-A6D1-4FCD-97DF-15287DF100D6}
		{6F42318E-47CF-CB48-C33A-1F833CB13B6D} = {09AFCC9A-0075-4C6F-885B-97F0A4767C5C}
		{A7E1CA70-07B3-FB11-E26B-F05CAAA1F5C9} = {09AFCC9A-0075-4C6F-885B-97F0A4767C5C}
		{A28E7EE1-05ED-DB29-A4F0-80FA82CB059F} = {09AFCC9A-0075-4C6F-885B-97F0A4767C5C}
	EndGlobalSection
	GlobalSection(ExtensibilityGlobals) = postSolution
		SolutionGuid = {9380BD1B-B3A2-4B76-9088-A3286C924C51}
	EndGlobalSection
EndGlobal
