
Microsoft Visual Studio Solution File, Format Version 12.00
# Visual Studio Version 17
VisualStudioVersion = 17.14.36310.24
MinimumVisualStudioVersion = 10.0.40219.1
Project("{2150E333-8FDC-42A3-9474-1A3956D46DE8}") = "src", "src", "{02EA681E-C7D8-13C7-8484-4AC65E1B71E8}"
EndProject
Project("{2150E333-8FDC-42A3-9474-1A3956D46DE8}") = "CartService", "CartService", "{8BFC966A-A6D1-4FCD-97DF-15287DF100D6}"
EndProject
Project("{FAE04EC0-301F-11D3-BF4B-00C04F79EFBC}") = "BLL", "src\CartService\BLL\BLL.csproj", "{9B9918D3-A00E-09F1-53E7-5F0133F199B5}"
EndProject
Project("{FAE04EC0-301F-11D3-BF4B-00C04F79EFBC}") = "DAL", "src\CartService\DAL\DAL.csproj", "{491FD566-4990-7B55-85C9-3F71D4B65196}"
EndProject
Project("{2150E333-8FDC-42A3-9474-1A3956D46DE8}") = "CatalogService", "CatalogService", "{379C93F4-B40B-475C-8BF8-0FAD33E21602}"
EndProject
Project("{FAE04EC0-301F-11D3-BF4B-00C04F79EFBC}") = "API", "src\CatalogService\API\API.csproj", "{D70FE318-3865-4B41-9226-ACF91380DD97}"
EndProject
Project("{FAE04EC0-301F-11D3-BF4B-00C04F79EFBC}") = "BLL", "src\CatalogService\BLL\BLL.csproj", "{F9F0A177-36D7-45D6-A992-849BF5DBADF1}"
EndProject
Project("{FAE04EC0-301F-11D3-BF4B-00C04F79EFBC}") = "DAL", "src\CatalogService\DAL\DAL.csproj", "{48E8B815-153D-4476-B650-52AFC62FD90D}"
EndProject
Project("{FAE04EC0-301F-11D3-BF4B-00C04F79EFBC}") = "Domain", "src\CatalogService\Domain\Domain.csproj", "{9BF4BF16-BCB4-4C70-88DD-381992FBFD77}"
EndProject
Project("{FAE04EC0-301F-11D3-BF4B-00C04F79EFBC}") = "API", "src\CartService\API\API.csproj", "{5B4CEC72-AB68-A9F5-E7EF-5920CFCF71D2}"
EndProject
Project("{2150E333-8FDC-42A3-9474-1A3956D46DE8}") = "Shared", "Shared", "{D793AC58-F8AC-49A8-A3D4-F646349C192D}"
EndProject
Project("{FAE04EC0-301F-11D3-BF4B-00C04F79EFBC}") = "Shared", "src\Shared\Shared\Shared.csproj", "{B49EAD76-4666-4ACB-87EC-3C395D855394}"
EndProject
Project("{2150E333-8FDC-42A3-9474-1A3956D46DE8}") = "tests", "tests", "{09AFCC9A-0075-4C6F-885B-97F0A4767C5C}"
EndProject
Project("{2150E333-8FDC-42A3-9474-1A3956D46DE8}") = "tests", "tests", "{3C8A803D-5D03-439F-A0D8-762FCAF6B0C9}"
EndProject
Project("{FAE04EC0-301F-11D3-BF4B-00C04F79EFBC}") = "API.IntegrationTests", "src\CartService\tests\API.IntegrationTests\API.IntegrationTests.csproj", "{0D26257E-795E-437C-85C2-39E2F706EE18}"
EndProject
Project("{FAE04EC0-301F-11D3-BF4B-00C04F79EFBC}") = "BLL.UnitTests", "src\CartService\tests\BLL.UnitTests\BLL.UnitTests.csproj", "{2B28A991-537C-4754-AD3D-39503A86DC98}"
EndProject
Project("{FAE04EC0-301F-11D3-BF4B-00C04F79EFBC}") = "Domain.UnitTest", "src\CatalogService\tests\Domain.UnitTest\Domain.UnitTest.csproj", "{3C0C7347-2679-44C9-8525-694643ABDD56}"
EndProject
Project("{FAE04EC0-301F-11D3-BF4B-00C04F79EFBC}") = "API.IntegrationTest", "src\CatalogService\tests\API.IntegrationTest\API.IntegrationTest.csproj", "{4448B8FA-86DF-4C34-AAE1-C69E199BE180}"
EndProject
Project("{FAE04EC0-301F-11D3-BF4B-00C04F79EFBC}") = "DAL.UnitTest", "src\CatalogService\tests\DAL.UnitTest\DAL.UnitTest.csproj", "{09D96752-E03B-4B28-9BC8-6F5B5497FC5D}"
EndProject
Project("{FAE04EC0-301F-11D3-BF4B-00C04F79EFBC}") = "BLL.UnitTest", "src\CatalogService\tests\BLL.UnitTest\BLL.UnitTest.csproj", "{DD4D597A-FBAF-4C67-B100-BBE90AADC94E}"
EndProject
Project("{FAE04EC0-301F-11D3-BF4B-00C04F79EFBC}") = "DAL.UnitTest", "src\CartService\tests\DAL.UnitTest\DAL.UnitTest.csproj", "{C448F50A-22E7-4E37-9569-5BB8BC3D6C7F}"
EndProject
Global
	GlobalSection(SolutionConfigurationPlatforms) = preSolution
		Debug|Any CPU = Debug|Any CPU
		Release|Any CPU = Release|Any CPU
	EndGlobalSection
	GlobalSection(ProjectConfigurationPlatforms) = postSolution
		{9B9918D3-A00E-09F1-53E7-5F0133F199B5}.Debug|Any CPU.ActiveCfg = Debug|Any CPU
		{9B9918D3-A00E-09F1-53E7-5F0133F199B5}.Debug|Any CPU.Build.0 = Debug|Any CPU
		{9B9918D3-A00E-09F1-53E7-5F0133F199B5}.Release|Any CPU.ActiveCfg = Release|Any CPU
		{9B9918D3-A00E-09F1-53E7-5F0133F199B5}.Release|Any CPU.Build.0 = Release|Any CPU
		{491FD566-4990-7B55-85C9-3F71D4B65196}.Debug|Any CPU.ActiveCfg = Debug|Any CPU
		{491FD566-4990-7B55-85C9-3F71D4B65196}.Debug|Any CPU.Build.0 = Debug|Any CPU
		{491FD566-4990-7B55-85C9-3F71D4B65196}.Release|Any CPU.ActiveCfg = Release|Any CPU
		{491FD566-4990-7B55-85C9-3F71D4B65196}.Release|Any CPU.Build.0 = Release|Any CPU
		{D70FE318-3865-4B41-9226-ACF91380DD97}.Debug|Any CPU.ActiveCfg = Debug|Any CPU
		{D70FE318-3865-4B41-9226-ACF91380DD97}.Debug|Any CPU.Build.0 = Debug|Any CPU
		{D70FE318-3865-4B41-9226-ACF91380DD97}.Release|Any CPU.ActiveCfg = Release|Any CPU
		{D70FE318-3865-4B41-9226-ACF91380DD97}.Release|Any CPU.Build.0 = Release|Any CPU
		{F9F0A177-36D7-45D6-A992-849BF5DBADF1}.Debug|Any CPU.ActiveCfg = Debug|Any CPU
		{F9F0A177-36D7-45D6-A992-849BF5DBADF1}.Debug|Any CPU.Build.0 = Debug|Any CPU
		{F9F0A177-36D7-45D6-A992-849BF5DBADF1}.Release|Any CPU.ActiveCfg = Release|Any CPU
		{F9F0A177-36D7-45D6-A992-849BF5DBADF1}.Release|Any CPU.Build.0 = Release|Any CPU
		{48E8B815-153D-4476-B650-52AFC62FD90D}.Debug|Any CPU.ActiveCfg = Debug|Any CPU
		{48E8B815-153D-4476-B650-52AFC62FD90D}.Debug|Any CPU.Build.0 = Debug|Any CPU
		{48E8B815-153D-4476-B650-52AFC62FD90D}.Release|Any CPU.ActiveCfg = Release|Any CPU
		{48E8B815-153D-4476-B650-52AFC62FD90D}.Release|Any CPU.Build.0 = Release|Any CPU
		{9BF4BF16-BCB4-4C70-88DD-381992FBFD77}.Debug|Any CPU.ActiveCfg = Debug|Any CPU
		{9BF4BF16-BCB4-4C70-88DD-381992FBFD77}.Debug|Any CPU.Build.0 = Debug|Any CPU
		{9BF4BF16-BCB4-4C70-88DD-381992FBFD77}.Release|Any CPU.ActiveCfg = Release|Any CPU
		{9BF4BF16-BCB4-4C70-88DD-381992FBFD77}.Release|Any CPU.Build.0 = Release|Any CPU
		{5B4CEC72-AB68-A9F5-E7EF-5920CFCF71D2}.Debug|Any CPU.ActiveCfg = Debug|Any CPU
		{5B4CEC72-AB68-A9F5-E7EF-5920CFCF71D2}.Debug|Any CPU.Build.0 = Debug|Any CPU
		{5B4CEC72-AB68-A9F5-E7EF-5920CFCF71D2}.Release|Any CPU.ActiveCfg = Release|Any CPU
		{5B4CEC72-AB68-A9F5-E7EF-5920CFCF71D2}.Release|Any CPU.Build.0 = Release|Any CPU
		{B49EAD76-4666-4ACB-87EC-3C395D855394}.Debug|Any CPU.ActiveCfg = Debug|Any CPU
		{B49EAD76-4666-4ACB-87EC-3C395D855394}.Debug|Any CPU.Build.0 = Debug|Any CPU
		{B49EAD76-4666-4ACB-87EC-3C395D855394}.Release|Any CPU.ActiveCfg = Release|Any CPU
		{B49EAD76-4666-4ACB-87EC-3C395D855394}.Release|Any CPU.Build.0 = Release|Any CPU
		{0D26257E-795E-437C-85C2-39E2F706EE18}.Debug|Any CPU.ActiveCfg = Debug|Any CPU
		{0D26257E-795E-437C-85C2-39E2F706EE18}.Debug|Any CPU.Build.0 = Debug|Any CPU
		{0D26257E-795E-437C-85C2-39E2F706EE18}.Release|Any CPU.ActiveCfg = Release|Any CPU
		{0D26257E-795E-437C-85C2-39E2F706EE18}.Release|Any CPU.Build.0 = Release|Any CPU
		{2B28A991-537C-4754-AD3D-39503A86DC98}.Debug|Any CPU.ActiveCfg = Debug|Any CPU
		{2B28A991-537C-4754-AD3D-39503A86DC98}.Debug|Any CPU.Build.0 = Debug|Any CPU
		{2B28A991-537C-4754-AD3D-39503A86DC98}.Release|Any CPU.ActiveCfg = Release|Any CPU
		{2B28A991-537C-4754-AD3D-39503A86DC98}.Release|Any CPU.Build.0 = Release|Any CPU
		{3C0C7347-2679-44C9-8525-694643ABDD56}.Debug|Any CPU.ActiveCfg = Debug|Any CPU
		{3C0C7347-2679-44C9-8525-694643ABDD56}.Debug|Any CPU.Build.0 = Debug|Any CPU
		{3C0C7347-2679-44C9-8525-694643ABDD56}.Release|Any CPU.ActiveCfg = Release|Any CPU
		{3C0C7347-2679-44C9-8525-694643ABDD56}.Release|Any CPU.Build.0 = Release|Any CPU
		{4448B8FA-86DF-4C34-AAE1-C69E199BE180}.Debug|Any CPU.ActiveCfg = Debug|Any CPU
		{4448B8FA-86DF-4C34-AAE1-C69E199BE180}.Debug|Any CPU.Build.0 = Debug|Any CPU
		{4448B8FA-86DF-4C34-AAE1-C69E199BE180}.Release|Any CPU.ActiveCfg = Release|Any CPU
		{4448B8FA-86DF-4C34-AAE1-C69E199BE180}.Release|Any CPU.Build.0 = Release|Any CPU
		{09D96752-E03B-4B28-9BC8-6F5B5497FC5D}.Debug|Any CPU.ActiveCfg = Debug|Any CPU
		{09D96752-E03B-4B28-9BC8-6F5B5497FC5D}.Debug|Any CPU.Build.0 = Debug|Any CPU
		{09D96752-E03B-4B28-9BC8-6F5B5497FC5D}.Release|Any CPU.ActiveCfg = Release|Any CPU
		{09D96752-E03B-4B28-9BC8-6F5B5497FC5D}.Release|Any CPU.Build.0 = Release|Any CPU
		{DD4D597A-FBAF-4C67-B100-BBE90AADC94E}.Debug|Any CPU.ActiveCfg = Debug|Any CPU
		{DD4D597A-FBAF-4C67-B100-BBE90AADC94E}.Debug|Any CPU.Build.0 = Debug|Any CPU
		{DD4D597A-FBAF-4C67-B100-BBE90AADC94E}.Release|Any CPU.ActiveCfg = Release|Any CPU
		{DD4D597A-FBAF-4C67-B100-BBE90AADC94E}.Release|Any CPU.Build.0 = Release|Any CPU
		{C448F50A-22E7-4E37-9569-5BB8BC3D6C7F}.Debug|Any CPU.ActiveCfg = Debug|Any CPU
		{C448F50A-22E7-4E37-9569-5BB8BC3D6C7F}.Debug|Any CPU.Build.0 = Debug|Any CPU
		{C448F50A-22E7-4E37-9569-5BB8BC3D6C7F}.Release|Any CPU.ActiveCfg = Release|Any CPU
		{C448F50A-22E7-4E37-9569-5BB8BC3D6C7F}.Release|Any CPU.Build.0 = Release|Any CPU
	EndGlobalSection
	GlobalSection(SolutionProperties) = preSolution
		HideSolutionNode = FALSE
	EndGlobalSection
	GlobalSection(NestedProjects) = preSolution
		{8BFC966A-A6D1-4FCD-97DF-15287DF100D6} = {02EA681E-C7D8-13C7-8484-4AC65E1B71E8}
		{9B9918D3-A00E-09F1-53E7-5F0133F199B5} = {8BFC966A-A6D1-4FCD-97DF-15287DF100D6}
		{491FD566-4990-7B55-85C9-3F71D4B65196} = {8BFC966A-A6D1-4FCD-97DF-15287DF100D6}
		{379C93F4-B40B-475C-8BF8-0FAD33E21602} = {02EA681E-C7D8-13C7-8484-4AC65E1B71E8}
		{D70FE318-3865-4B41-9226-ACF91380DD97} = {379C93F4-B40B-475C-8BF8-0FAD33E21602}
		{F9F0A177-36D7-45D6-A992-849BF5DBADF1} = {379C93F4-B40B-475C-8BF8-0FAD33E21602}
		{48E8B815-153D-4476-B650-52AFC62FD90D} = {379C93F4-B40B-475C-8BF8-0FAD33E21602}
		{9BF4BF16-BCB4-4C70-88DD-381992FBFD77} = {379C93F4-B40B-475C-8BF8-0FAD33E21602}
		{5B4CEC72-AB68-A9F5-E7EF-5920CFCF71D2} = {8BFC966A-A6D1-4FCD-97DF-15287DF100D6}
		{D793AC58-F8AC-49A8-A3D4-F646349C192D} = {02EA681E-C7D8-13C7-8484-4AC65E1B71E8}
		{B49EAD76-4666-4ACB-87EC-3C395D855394} = {D793AC58-F8AC-49A8-A3D4-F646349C192D}
		{09AFCC9A-0075-4C6F-885B-97F0A4767C5C} = {8BFC966A-A6D1-4FCD-97DF-15287DF100D6}
		{3C8A803D-5D03-439F-A0D8-762FCAF6B0C9} = {379C93F4-B40B-475C-8BF8-0FAD33E21602}
		{0D26257E-795E-437C-85C2-39E2F706EE18} = {09AFCC9A-0075-4C6F-885B-97F0A4767C5C}
		{2B28A991-537C-4754-AD3D-39503A86DC98} = {09AFCC9A-0075-4C6F-885B-97F0A4767C5C}
		{3C0C7347-2679-44C9-8525-694643ABDD56} = {3C8A803D-5D03-439F-A0D8-762FCAF6B0C9}
		{4448B8FA-86DF-4C34-AAE1-C69E199BE180} = {3C8A803D-5D03-439F-A0D8-762FCAF6B0C9}
		{09D96752-E03B-4B28-9BC8-6F5B5497FC5D} = {3C8A803D-5D03-439F-A0D8-762FCAF6B0C9}
		{DD4D597A-FBAF-4C67-B100-BBE90AADC94E} = {3C8A803D-5D03-439F-A0D8-762FCAF6B0C9}
		{C448F50A-22E7-4E37-9569-5BB8BC3D6C7F} = {09AFCC9A-0075-4C6F-885B-97F0A4767C5C}
	EndGlobalSection
	GlobalSection(ExtensibilityGlobals) = postSolution
		SolutionGuid = {9380BD1B-B3A2-4B76-9088-A3286C924C51}
	EndGlobalSection
EndGlobal
