
Microsoft Visual Studio Solution File, Format Version 12.00
# Visual Studio Version 17
VisualStudioVersion = 17.14.36310.24
MinimumVisualStudioVersion = 10.0.40219.1
Project("{2150E333-8FDC-42A3-9474-1A3956D46DE8}") = "src", "src", "{02EA681E-C7D8-13C7-8484-4AC65E1B71E8}"
EndProject
Project("{2150E333-8FDC-42A3-9474-1A3956D46DE8}") = "CartService", "CartService", "{8BFC966A-A6D1-4FCD-97DF-15287DF100D6}"
EndProject
Project("{FAE04EC0-301F-11D3-BF4B-00C04F79EFBC}") = "API", "src\CartService\API\API.csproj", "{5B4CEC72-AB68-A9F5-E7EF-5920CFCF71D2}"
EndProject
Project("{FAE04EC0-301F-11D3-BF4B-00C04F79EFBC}") = "BLL", "src\CartService\BLL\BLL.csproj", "{9B9918D3-A00E-09F1-53E7-5F0133F199B5}"
EndProject
Project("{FAE04EC0-301F-11D3-BF4B-00C04F79EFBC}") = "DAL", "src\CartService\DAL\DAL.csproj", "{491FD566-4990-7B55-85C9-3F71D4B65196}"
EndProject
Project("{FAE04EC0-301F-11D3-BF4B-00C04F79EFBC}") = "Domain", "src\CartService\Domain\Domain.csproj", "{4243FC56-6F4F-EC7F-6939-0C3D5C83F04C}"
EndProject
Project("{FAE04EC0-301F-11D3-BF4B-00C04F79EFBC}") = "Shared", "src\CartService\Shared\Shared.csproj", "{9C89501D-B0A9-C5B2-A502-51E6AC6C96BC}"
EndProject
Project("{2150E333-8FDC-42A3-9474-1A3956D46DE8}") = "tests", "tests", "{428C40C8-E53D-4785-84AB-21CF930A70CE}"
EndProject
Project("{FAE04EC0-301F-11D3-BF4B-00C04F79EFBC}") = "TestSuite", "tests\TestSuite\TestSuite.csproj", "{9EAB63CB-F5F2-497C-AFB6-8D31E49DD4E1}"
EndProject
Global
	GlobalSection(SolutionConfigurationPlatforms) = preSolution
		Debug|Any CPU = Debug|Any CPU
		Release|Any CPU = Release|Any CPU
	EndGlobalSection
	GlobalSection(ProjectConfigurationPlatforms) = postSolution
		{5B4CEC72-AB68-A9F5-E7EF-5920CFCF71D2}.Debug|Any CPU.ActiveCfg = Debug|Any CPU
		{5B4CEC72-AB68-A9F5-E7EF-5920CFCF71D2}.Debug|Any CPU.Build.0 = Debug|Any CPU
		{5B4CEC72-AB68-A9F5-E7EF-5920CFCF71D2}.Release|Any CPU.ActiveCfg = Release|Any CPU
		{5B4CEC72-AB68-A9F5-E7EF-5920CFCF71D2}.Release|Any CPU.Build.0 = Release|Any CPU
		{9B9918D3-A00E-09F1-53E7-5F0133F199B5}.Debug|Any CPU.ActiveCfg = Debug|Any CPU
		{9B9918D3-A00E-09F1-53E7-5F0133F199B5}.Debug|Any CPU.Build.0 = Debug|Any CPU
		{9B9918D3-A00E-09F1-53E7-5F0133F199B5}.Release|Any CPU.ActiveCfg = Release|Any CPU
		{9B9918D3-A00E-09F1-53E7-5F0133F199B5}.Release|Any CPU.Build.0 = Release|Any CPU
		{491FD566-4990-7B55-85C9-3F71D4B65196}.Debug|Any CPU.ActiveCfg = Debug|Any CPU
		{491FD566-4990-7B55-85C9-3F71D4B65196}.Debug|Any CPU.Build.0 = Debug|Any CPU
		{491FD566-4990-7B55-85C9-3F71D4B65196}.Release|Any CPU.ActiveCfg = Release|Any CPU
		{491FD566-4990-7B55-85C9-3F71D4B65196}.Release|Any CPU.Build.0 = Release|Any CPU
		{4243FC56-6F4F-EC7F-6939-0C3D5C83F04C}.Debug|Any CPU.ActiveCfg = Debug|Any CPU
		{4243FC56-6F4F-EC7F-6939-0C3D5C83F04C}.Debug|Any CPU.Build.0 = Debug|Any CPU
		{4243FC56-6F4F-EC7F-6939-0C3D5C83F04C}.Release|Any CPU.ActiveCfg = Release|Any CPU
		{4243FC56-6F4F-EC7F-6939-0C3D5C83F04C}.Release|Any CPU.Build.0 = Release|Any CPU
		{9C89501D-B0A9-C5B2-A502-51E6AC6C96BC}.Debug|Any CPU.ActiveCfg = Debug|Any CPU
		{9C89501D-B0A9-C5B2-A502-51E6AC6C96BC}.Debug|Any CPU.Build.0 = Debug|Any CPU
		{9C89501D-B0A9-C5B2-A502-51E6AC6C96BC}.Release|Any CPU.ActiveCfg = Release|Any CPU
		{9C89501D-B0A9-C5B2-A502-51E6AC6C96BC}.Release|Any CPU.Build.0 = Release|Any CPU
		{9EAB63CB-F5F2-497C-AFB6-8D31E49DD4E1}.Debug|Any CPU.ActiveCfg = Debug|Any CPU
		{9EAB63CB-F5F2-497C-AFB6-8D31E49DD4E1}.Debug|Any CPU.Build.0 = Debug|Any CPU
		{9EAB63CB-F5F2-497C-AFB6-8D31E49DD4E1}.Release|Any CPU.ActiveCfg = Release|Any CPU
		{9EAB63CB-F5F2-497C-AFB6-8D31E49DD4E1}.Release|Any CPU.Build.0 = Release|Any CPU
	EndGlobalSection
	GlobalSection(SolutionProperties) = preSolution
		HideSolutionNode = FALSE
	EndGlobalSection
	GlobalSection(NestedProjects) = preSolution
		{8BFC966A-A6D1-4FCD-97DF-15287DF100D6} = {02EA681E-C7D8-13C7-8484-4AC65E1B71E8}
		{5B4CEC72-AB68-A9F5-E7EF-5920CFCF71D2} = {8BFC966A-A6D1-4FCD-97DF-15287DF100D6}
		{9B9918D3-A00E-09F1-53E7-5F0133F199B5} = {8BFC966A-A6D1-4FCD-97DF-15287DF100D6}
		{491FD566-4990-7B55-85C9-3F71D4B65196} = {8BFC966A-A6D1-4FCD-97DF-15287DF100D6}
		{4243FC56-6F4F-EC7F-6939-0C3D5C83F04C} = {8BFC966A-A6D1-4FCD-97DF-15287DF100D6}
		{9C89501D-B0A9-C5B2-A502-51E6AC6C96BC} = {8BFC966A-A6D1-4FCD-97DF-15287DF100D6}
		{9EAB63CB-F5F2-497C-AFB6-8D31E49DD4E1} = {428C40C8-E53D-4785-84AB-21CF930A70CE}
	EndGlobalSection
	GlobalSection(ExtensibilityGlobals) = postSolution
		SolutionGuid = {9380BD1B-B3A2-4B76-9088-A3286C924C51}
	EndGlobalSection
EndGlobal
